// !$*UTF8*$!
{
	archiveVersion = 1;
	classes = {
	};
	objectVersion = 46;
	objects = {

/* Begin PBXBuildFile section */
		538F68831E295AA900F4DF1B /* AppDelegate.swift in Sources */ = {isa = PBXBuildFile; fileRef = 538F68821E295AA900F4DF1B /* AppDelegate.swift */; };
		538F688A1E295AA900F4DF1B /* Assets.xcassets in Resources */ = {isa = PBXBuildFile; fileRef = 538F68891E295AA900F4DF1B /* Assets.xcassets */; };
		538F688D1E295AA900F4DF1B /* LaunchScreen.storyboard in Resources */ = {isa = PBXBuildFile; fileRef = 538F688B1E295AA900F4DF1B /* LaunchScreen.storyboard */; };
		538F68971E295AB800F4DF1B /* CloudKit.framework in Frameworks */ = {isa = PBXBuildFile; fileRef = 538F68961E295AB800F4DF1B /* CloudKit.framework */; };
		538F68991E295AD600F4DF1B /* Main.storyboard in Resources */ = {isa = PBXBuildFile; fileRef = 538F68981E295AD600F4DF1B /* Main.storyboard */; };
		538F689C1E295AED00F4DF1B /* Contact.swift in Sources */ = {isa = PBXBuildFile; fileRef = 538F689A1E295AED00F4DF1B /* Contact.swift */; };
		538F689D1E295AED00F4DF1B /* ContactController.swift in Sources */ = {isa = PBXBuildFile; fileRef = 538F689B1E295AED00F4DF1B /* ContactController.swift */; };
		538F68A11E295B0A00F4DF1B /* ContactsTableViewController.swift in Sources */ = {isa = PBXBuildFile; fileRef = 538F689F1E295B0A00F4DF1B /* ContactsTableViewController.swift */; };
		538F68A21E295B0A00F4DF1B /* ContactDetailViewController.swift in Sources */ = {isa = PBXBuildFile; fileRef = 538F68A01E295B0A00F4DF1B /* ContactDetailViewController.swift */; };
		538F68A61E295B2500F4DF1B /* Keys.swift in Sources */ = {isa = PBXBuildFile; fileRef = 538F68A41E295B2500F4DF1B /* Keys.swift */; };
		538F68A71E295B2500F4DF1B /* CloudKitManager.swift in Sources */ = {isa = PBXBuildFile; fileRef = 538F68A51E295B2500F4DF1B /* CloudKitManager.swift */; };
/* End PBXBuildFile section */

/* Begin PBXFileReference section */
		538F687F1E295AA900F4DF1B /* Contacts.app */ = {isa = PBXFileReference; explicitFileType = wrapper.application; includeInIndex = 0; path = Contacts.app; sourceTree = BUILT_PRODUCTS_DIR; };
		538F68821E295AA900F4DF1B /* AppDelegate.swift */ = {isa = PBXFileReference; lastKnownFileType = sourcecode.swift; path = AppDelegate.swift; sourceTree = "<group>"; };
		538F68891E295AA900F4DF1B /* Assets.xcassets */ = {isa = PBXFileReference; lastKnownFileType = folder.assetcatalog; path = Assets.xcassets; sourceTree = "<group>"; };
		538F688C1E295AA900F4DF1B /* Base */ = {isa = PBXFileReference; lastKnownFileType = file.storyboard; name = Base; path = Base.lproj/LaunchScreen.storyboard; sourceTree = "<group>"; };
		538F688E1E295AA900F4DF1B /* Info.plist */ = {isa = PBXFileReference; lastKnownFileType = text.plist.xml; path = Info.plist; sourceTree = "<group>"; };
		538F68941E295AB600F4DF1B /* Contacts.entitlements */ = {isa = PBXFileReference; lastKnownFileType = text.plist.entitlements; path = Contacts.entitlements; sourceTree = "<group>"; };
		538F68961E295AB800F4DF1B /* CloudKit.framework */ = {isa = PBXFileReference; lastKnownFileType = wrapper.framework; name = CloudKit.framework; path = System/Library/Frameworks/CloudKit.framework; sourceTree = SDKROOT; };
		538F68981E295AD600F4DF1B /* Main.storyboard */ = {isa = PBXFileReference; fileEncoding = 4; lastKnownFileType = file.storyboard; path = Main.storyboard; sourceTree = "<group>"; };
		538F689A1E295AED00F4DF1B /* Contact.swift */ = {isa = PBXFileReference; fileEncoding = 4; lastKnownFileType = sourcecode.swift; path = Contact.swift; sourceTree = "<group>"; };
		538F689B1E295AED00F4DF1B /* ContactController.swift */ = {isa = PBXFileReference; fileEncoding = 4; lastKnownFileType = sourcecode.swift; path = ContactController.swift; sourceTree = "<group>"; };
		538F689F1E295B0A00F4DF1B /* ContactsTableViewController.swift */ = {isa = PBXFileReference; fileEncoding = 4; lastKnownFileType = sourcecode.swift; path = ContactsTableViewController.swift; sourceTree = "<group>"; };
		538F68A01E295B0A00F4DF1B /* ContactDetailViewController.swift */ = {isa = PBXFileReference; fileEncoding = 4; lastKnownFileType = sourcecode.swift; path = ContactDetailViewController.swift; sourceTree = "<group>"; };
		538F68A41E295B2500F4DF1B /* Keys.swift */ = {isa = PBXFileReference; fileEncoding = 4; lastKnownFileType = sourcecode.swift; path = Keys.swift; sourceTree = "<group>"; };
		538F68A51E295B2500F4DF1B /* CloudKitManager.swift */ = {isa = PBXFileReference; fileEncoding = 4; lastKnownFileType = sourcecode.swift; path = CloudKitManager.swift; sourceTree = "<group>"; };
/* End PBXFileReference section */

/* Begin PBXFrameworksBuildPhase section */
		538F687C1E295AA900F4DF1B /* Frameworks */ = {
			isa = PBXFrameworksBuildPhase;
			buildActionMask = 2147483647;
			files = (
				538F68971E295AB800F4DF1B /* CloudKit.framework in Frameworks */,
			);
			runOnlyForDeploymentPostprocessing = 0;
		};
/* End PBXFrameworksBuildPhase section */

/* Begin PBXGroup section */
		538F68761E295AA900F4DF1B = {
			isa = PBXGroup;
			children = (
				538F68811E295AA900F4DF1B /* Contacts */,
				538F68801E295AA900F4DF1B /* Products */,
				538F68951E295AB800F4DF1B /* Frameworks */,
			);
			sourceTree = "<group>";
		};
		538F68801E295AA900F4DF1B /* Products */ = {
			isa = PBXGroup;
			children = (
				538F687F1E295AA900F4DF1B /* Contacts.app */,
			);
			name = Products;
			sourceTree = "<group>";
		};
		538F68811E295AA900F4DF1B /* Contacts */ = {
			isa = PBXGroup;
			children = (
				538F68941E295AB600F4DF1B /* Contacts.entitlements */,
				538F68821E295AA900F4DF1B /* AppDelegate.swift */,
				538F68891E295AA900F4DF1B /* Assets.xcassets */,
				538F68A41E295B2500F4DF1B /* Keys.swift */,
				538F68A51E295B2500F4DF1B /* CloudKitManager.swift */,
				538F68A31E295B1200F4DF1B /* View Controllers */,
				538F689E1E295AF400F4DF1B /* Model & Controller */,
				538F68981E295AD600F4DF1B /* Main.storyboard */,
				538F688B1E295AA900F4DF1B /* LaunchScreen.storyboard */,
				538F688E1E295AA900F4DF1B /* Info.plist */,
			);
			path = Contacts;
			sourceTree = "<group>";
		};
		538F68951E295AB800F4DF1B /* Frameworks */ = {
			isa = PBXGroup;
			children = (
				538F68961E295AB800F4DF1B /* CloudKit.framework */,
			);
			name = Frameworks;
			sourceTree = "<group>";
		};
		538F689E1E295AF400F4DF1B /* Model & Controller */ = {
			isa = PBXGroup;
			children = (
				538F689A1E295AED00F4DF1B /* Contact.swift */,
				538F689B1E295AED00F4DF1B /* ContactController.swift */,
			);
			name = "Model & Controller";
			sourceTree = "<group>";
		};
		538F68A31E295B1200F4DF1B /* View Controllers */ = {
			isa = PBXGroup;
			children = (
				538F689F1E295B0A00F4DF1B /* ContactsTableViewController.swift */,
				538F68A01E295B0A00F4DF1B /* ContactDetailViewController.swift */,
			);
			name = "View Controllers";
			sourceTree = "<group>";
		};
/* End PBXGroup section */

/* Begin PBXNativeTarget section */
		538F687E1E295AA900F4DF1B /* Contacts */ = {
			isa = PBXNativeTarget;
			buildConfigurationList = 538F68911E295AA900F4DF1B /* Build configuration list for PBXNativeTarget "Contacts" */;
			buildPhases = (
				538F687B1E295AA900F4DF1B /* Sources */,
				538F687C1E295AA900F4DF1B /* Frameworks */,
				538F687D1E295AA900F4DF1B /* Resources */,
			);
			buildRules = (
			);
			dependencies = (
			);
			name = Contacts;
			productName = Contacts;
			productReference = 538F687F1E295AA900F4DF1B /* Contacts.app */;
			productType = "com.apple.product-type.application";
		};
/* End PBXNativeTarget section */

/* Begin PBXProject section */
		538F68771E295AA900F4DF1B /* Project object */ = {
			isa = PBXProject;
			attributes = {
				LastSwiftUpdateCheck = 0820;
				LastUpgradeCheck = 0820;
				ORGANIZATIONNAME = KeatonHarward;
				TargetAttributes = {
					538F687E1E295AA900F4DF1B = {
						CreatedOnToolsVersion = 8.2.1;
						DevelopmentTeam = 7PDCTCAB87;
						ProvisioningStyle = Automatic;
						SystemCapabilities = {
							com.apple.Push = {
								enabled = 1;
							};
							com.apple.iCloud = {
								enabled = 1;
							};
						};
					};
				};
			};
			buildConfigurationList = 538F687A1E295AA900F4DF1B /* Build configuration list for PBXProject "Contacts" */;
			compatibilityVersion = "Xcode 3.2";
			developmentRegion = English;
			hasScannedForEncodings = 0;
			knownRegions = (
				en,
				Base,
			);
			mainGroup = 538F68761E295AA900F4DF1B;
			productRefGroup = 538F68801E295AA900F4DF1B /* Products */;
			projectDirPath = "";
			projectRoot = "";
			targets = (
				538F687E1E295AA900F4DF1B /* Contacts */,
			);
		};
/* End PBXProject section */

/* Begin PBXResourcesBuildPhase section */
		538F687D1E295AA900F4DF1B /* Resources */ = {
			isa = PBXResourcesBuildPhase;
			buildActionMask = 2147483647;
			files = (
				538F68991E295AD600F4DF1B /* Main.storyboard in Resources */,
				538F688D1E295AA900F4DF1B /* LaunchScreen.storyboard in Resources */,
				538F688A1E295AA900F4DF1B /* Assets.xcassets in Resources */,
			);
			runOnlyForDeploymentPostprocessing = 0;
		};
/* End PBXResourcesBuildPhase section */

/* Begin PBXSourcesBuildPhase section */
		538F687B1E295AA900F4DF1B /* Sources */ = {
			isa = PBXSourcesBuildPhase;
			buildActionMask = 2147483647;
			files = (
				538F689C1E295AED00F4DF1B /* Contact.swift in Sources */,
				538F68A61E295B2500F4DF1B /* Keys.swift in Sources */,
				538F68A21E295B0A00F4DF1B /* ContactDetailViewController.swift in Sources */,
				538F68831E295AA900F4DF1B /* AppDelegate.swift in Sources */,
				538F68A71E295B2500F4DF1B /* CloudKitManager.swift in Sources */,
				538F68A11E295B0A00F4DF1B /* ContactsTableViewController.swift in Sources */,
				538F689D1E295AED00F4DF1B /* ContactController.swift in Sources */,
			);
			runOnlyForDeploymentPostprocessing = 0;
		};
/* End PBXSourcesBuildPhase section */

/* Begin PBXVariantGroup section */
		538F688B1E295AA900F4DF1B /* LaunchScreen.storyboard */ = {
			isa = PBXVariantGroup;
			children = (
				538F688C1E295AA900F4DF1B /* Base */,
			);
			name = LaunchScreen.storyboard;
			sourceTree = "<group>";
		};
/* End PBXVariantGroup section */

/* Begin XCBuildConfiguration section */
		538F688F1E295AA900F4DF1B /* Debug */ = {
			isa = XCBuildConfiguration;
			buildSettings = {
				ALWAYS_SEARCH_USER_PATHS = NO;
				CLANG_ANALYZER_NONNULL = YES;
				CLANG_CXX_LANGUAGE_STANDARD = "gnu++0x";
				CLANG_CXX_LIBRARY = "libc++";
				CLANG_ENABLE_MODULES = YES;
				CLANG_ENABLE_OBJC_ARC = YES;
				CLANG_WARN_BOOL_CONVERSION = YES;
				CLANG_WARN_CONSTANT_CONVERSION = YES;
				CLANG_WARN_DIRECT_OBJC_ISA_USAGE = YES_ERROR;
				CLANG_WARN_DOCUMENTATION_COMMENTS = YES;
				CLANG_WARN_EMPTY_BODY = YES;
				CLANG_WARN_ENUM_CONVERSION = YES;
				CLANG_WARN_INFINITE_RECURSION = YES;
				CLANG_WARN_INT_CONVERSION = YES;
				CLANG_WARN_OBJC_ROOT_CLASS = YES_ERROR;
				CLANG_WARN_SUSPICIOUS_MOVE = YES;
				CLANG_WARN_UNREACHABLE_CODE = YES;
				CLANG_WARN__DUPLICATE_METHOD_MATCH = YES;
				"CODE_SIGN_IDENTITY[sdk=iphoneos*]" = "iPhone Developer";
				COPY_PHASE_STRIP = NO;
				DEBUG_INFORMATION_FORMAT = dwarf;
				ENABLE_STRICT_OBJC_MSGSEND = YES;
				ENABLE_TESTABILITY = YES;
				GCC_C_LANGUAGE_STANDARD = gnu99;
				GCC_DYNAMIC_NO_PIC = NO;
				GCC_NO_COMMON_BLOCKS = YES;
				GCC_OPTIMIZATION_LEVEL = 0;
				GCC_PREPROCESSOR_DEFINITIONS = (
					"DEBUG=1",
					"$(inherited)",
				);
				GCC_WARN_64_TO_32_BIT_CONVERSION = YES;
				GCC_WARN_ABOUT_RETURN_TYPE = YES_ERROR;
				GCC_WARN_UNDECLARED_SELECTOR = YES;
				GCC_WARN_UNINITIALIZED_AUTOS = YES_AGGRESSIVE;
				GCC_WARN_UNUSED_FUNCTION = YES;
				GCC_WARN_UNUSED_VARIABLE = YES;
				IPHONEOS_DEPLOYMENT_TARGET = 10.2;
				MTL_ENABLE_DEBUG_INFO = YES;
				ONLY_ACTIVE_ARCH = YES;
				SDKROOT = iphoneos;
				SWIFT_ACTIVE_COMPILATION_CONDITIONS = DEBUG;
				SWIFT_OPTIMIZATION_LEVEL = "-Onone";
			};
			name = Debug;
		};
		538F68901E295AA900F4DF1B /* Release */ = {
			isa = XCBuildConfiguration;
			buildSettings = {
				ALWAYS_SEARCH_USER_PATHS = NO;
				CLANG_ANALYZER_NONNULL = YES;
				CLANG_CXX_LANGUAGE_STANDARD = "gnu++0x";
				CLANG_CXX_LIBRARY = "libc++";
				CLANG_ENABLE_MODULES = YES;
				CLANG_ENABLE_OBJC_ARC = YES;
				CLANG_WARN_BOOL_CONVERSION = YES;
				CLANG_WARN_CONSTANT_CONVERSION = YES;
				CLANG_WARN_DIRECT_OBJC_ISA_USAGE = YES_ERROR;
				CLANG_WARN_DOCUMENTATION_COMMENTS = YES;
				CLANG_WARN_EMPTY_BODY = YES;
				CLANG_WARN_ENUM_CONVERSION = YES;
				CLANG_WARN_INFINITE_RECURSION = YES;
				CLANG_WARN_INT_CONVERSION = YES;
				CLANG_WARN_OBJC_ROOT_CLASS = YES_ERROR;
				CLANG_WARN_SUSPICIOUS_MOVE = YES;
				CLANG_WARN_UNREACHABLE_CODE = YES;
				CLANG_WARN__DUPLICATE_METHOD_MATCH = YES;
				"CODE_SIGN_IDENTITY[sdk=iphoneos*]" = "iPhone Developer";
				COPY_PHASE_STRIP = NO;
				DEBUG_INFORMATION_FORMAT = "dwarf-with-dsym";
				ENABLE_NS_ASSERTIONS = NO;
				ENABLE_STRICT_OBJC_MSGSEND = YES;
				GCC_C_LANGUAGE_STANDARD = gnu99;
				GCC_NO_COMMON_BLOCKS = YES;
				GCC_WARN_64_TO_32_BIT_CONVERSION = YES;
				GCC_WARN_ABOUT_RETURN_TYPE = YES_ERROR;
				GCC_WARN_UNDECLARED_SELECTOR = YES;
				GCC_WARN_UNINITIALIZED_AUTOS = YES_AGGRESSIVE;
				GCC_WARN_UNUSED_FUNCTION = YES;
				GCC_WARN_UNUSED_VARIABLE = YES;
				IPHONEOS_DEPLOYMENT_TARGET = 10.2;
				MTL_ENABLE_DEBUG_INFO = NO;
				SDKROOT = iphoneos;
				SWIFT_OPTIMIZATION_LEVEL = "-Owholemodule";
				VALIDATE_PRODUCT = YES;
			};
			name = Release;
		};
		538F68921E295AA900F4DF1B /* Debug */ = {
			isa = XCBuildConfiguration;
			buildSettings = {
				ASSETCATALOG_COMPILER_APPICON_NAME = AppIcon;
				CODE_SIGN_ENTITLEMENTS = Contacts/Contacts.entitlements;
				DEVELOPMENT_TEAM = 7PDCTCAB87;
				INFOPLIST_FILE = Contacts/Info.plist;
				LD_RUNPATH_SEARCH_PATHS = "$(inherited) @executable_path/Frameworks";
				PRODUCT_BUNDLE_IDENTIFIER = com.KeatonHarward.Contacts;
				PRODUCT_NAME = "$(TARGET_NAME)";
				SWIFT_VERSION = 3.0;
			};
			name = Debug;
		};
		538F68931E295AA900F4DF1B /* Release */ = {
			isa = XCBuildConfiguration;
			buildSettings = {
				ASSETCATALOG_COMPILER_APPICON_NAME = AppIcon;
				CODE_SIGN_ENTITLEMENTS = Contacts/Contacts.entitlements;
				DEVELOPMENT_TEAM = 7PDCTCAB87;
				INFOPLIST_FILE = Contacts/Info.plist;
				LD_RUNPATH_SEARCH_PATHS = "$(inherited) @executable_path/Frameworks";
				PRODUCT_BUNDLE_IDENTIFIER = com.KeatonHarward.Contacts;
				PRODUCT_NAME = "$(TARGET_NAME)";
				SWIFT_VERSION = 3.0;
			};
			name = Release;
		};
/* End XCBuildConfiguration section */

/* Begin XCConfigurationList section */
		538F687A1E295AA900F4DF1B /* Build configuration list for PBXProject "Contacts" */ = {
			isa = XCConfigurationList;
			buildConfigurations = (
				538F688F1E295AA900F4DF1B /* Debug */,
				538F68901E295AA900F4DF1B /* Release */,
			);
			defaultConfigurationIsVisible = 0;
			defaultConfigurationName = Release;
		};
		538F68911E295AA900F4DF1B /* Build configuration list for PBXNativeTarget "Contacts" */ = {
			isa = XCConfigurationList;
			buildConfigurations = (
				538F68921E295AA900F4DF1B /* Debug */,
				538F68931E295AA900F4DF1B /* Release */,
			);
			defaultConfigurationIsVisible = 0;
		};
/* End XCConfigurationList section */
	};
	rootObject = 538F68771E295AA900F4DF1B /* Project object */;
}
